
Microsoft Visual Studio Solution File, Format Version 12.00
# Visual Studio Version 16
VisualStudioVersion = 16.0.31729.503
MinimumVisualStudioVersion = 10.0.40219.1
Project("{FAE04EC0-301F-11D3-BF4B-00C04F79EFBC}") = "Week2Variant32", "Week2Variant32\Week2Variant32.csproj", "{1AE3A2D1-AEDE-4626-AA6F-92E5CB43CB1C}"
EndProject
Global
	GlobalSection(SolutionConfigurationPlatforms) = preSolution
		Debug|Any CPU = Debug|Any CPU
		Release|Any CPU = Release|Any CPU
	EndGlobalSection
	GlobalSection(ProjectConfigurationPlatforms) = postSolution
		{1AE3A2D1-AEDE-4626-AA6F-92E5CB43CB1C}.Debug|Any CPU.ActiveCfg = Debug|Any CPU
		{1AE3A2D1-AEDE-4626-AA6F-92E5CB43CB1C}.Debug|Any CPU.Build.0 = Debug|Any CPU
		{1AE3A2D1-AEDE-4626-AA6F-92E5CB43CB1C}.Release|Any CPU.ActiveCfg = Release|Any CPU
		{1AE3A2D1-AEDE-4626-AA6F-92E5CB43CB1C}.Release|Any CPU.Build.0 = Release|Any CPU
	EndGlobalSection
	GlobalSection(SolutionProperties) = preSolution
		HideSolutionNode = FALSE
	EndGlobalSection
	GlobalSection(ExtensibilityGlobals) = postSolution
		SolutionGuid = {65AAF96C-3756-4DDF-A0CF-0715FC2908F0}
	EndGlobalSection
EndGlobal
