
Microsoft Visual Studio Solution File, Format Version 12.00
# Visual Studio Version 17
VisualStudioVersion = 17.1.31903.286
MinimumVisualStudioVersion = 10.0.40219.1
Project("{FAE04EC0-301F-11D3-BF4B-00C04F79EFBC}") = "FSV_Task7", "FSV_Task7.csproj", "{BC43B50E-AB4C-43FF-856F-68D5E569C9CD}"
EndProject
Global
	GlobalSection(SolutionConfigurationPlatforms) = preSolution
		Debug|Any CPU = Debug|Any CPU
		Release|Any CPU = Release|Any CPU
	EndGlobalSection
	GlobalSection(ProjectConfigurationPlatforms) = postSolution
		{BC43B50E-AB4C-43FF-856F-68D5E569C9CD}.Debug|Any CPU.ActiveCfg = Debug|Any CPU
		{BC43B50E-AB4C-43FF-856F-68D5E569C9CD}.Debug|Any CPU.Build.0 = Debug|Any CPU
		{BC43B50E-AB4C-43FF-856F-68D5E569C9CD}.Release|Any CPU.ActiveCfg = Release|Any CPU
		{BC43B50E-AB4C-43FF-856F-68D5E569C9CD}.Release|Any CPU.Build.0 = Release|Any CPU
	EndGlobalSection
	GlobalSection(SolutionProperties) = preSolution
		HideSolutionNode = FALSE
	EndGlobalSection
	GlobalSection(ExtensibilityGlobals) = postSolution
		SolutionGuid = {BB3E04A4-1F8C-4E8D-89B8-7D5A54A37CDA}
	EndGlobalSection
EndGlobal
